// !$*UTF8*$!
{
	archiveVersion = 1;
	classes = {
	};
	objectVersion = 46;
	objects = {

/* Begin PBXBuildFile section */
		586CD1141E8113DA0049731C /* main.m in Sources */ = {isa = PBXBuildFile; fileRef = 586CD1131E8113DA0049731C /* main.m */; };
		586CD1171E8113DA0049731C /* AppDelegate.m in Sources */ = {isa = PBXBuildFile; fileRef = 586CD1161E8113DA0049731C /* AppDelegate.m */; };
		586CD11A1E8113DA0049731C /* ViewController.m in Sources */ = {isa = PBXBuildFile; fileRef = 586CD1191E8113DA0049731C /* ViewController.m */; };
		586CD11D1E8113DA0049731C /* Main.storyboard in Resources */ = {isa = PBXBuildFile; fileRef = 586CD11B1E8113DA0049731C /* Main.storyboard */; };
		586CD11F1E8113DA0049731C /* Assets.xcassets in Resources */ = {isa = PBXBuildFile; fileRef = 586CD11E1E8113DA0049731C /* Assets.xcassets */; };
		586CD1221E8113DA0049731C /* LaunchScreen.storyboard in Resources */ = {isa = PBXBuildFile; fileRef = 586CD1201E8113DA0049731C /* LaunchScreen.storyboard */; };
		58B0BAFC1EB1F87700D50F34 /* DINAnalyzeUtil.m in Sources */ = {isa = PBXBuildFile; fileRef = 58B0BAE11EB1F87600D50F34 /* DINAnalyzeUtil.m */; };
		58B0BAFD1EB1F87700D50F34 /* DINAttribute.m in Sources */ = {isa = PBXBuildFile; fileRef = 58B0BAE41EB1F87700D50F34 /* DINAttribute.m */; };
		58B0BAFE1EB1F87700D50F34 /* DINBoxValue.m in Sources */ = {isa = PBXBuildFile; fileRef = 58B0BAE61EB1F87700D50F34 /* DINBoxValue.m */; };
		58B0BB001EB1F87700D50F34 /* DINEqualToAttribute.m in Sources */ = {isa = PBXBuildFile; fileRef = 58B0BAEA1EB1F87700D50F34 /* DINEqualToAttribute.m */; };
		58B0BB011EB1F87700D50F34 /* DINFrameAttribute.m in Sources */ = {isa = PBXBuildFile; fileRef = 58B0BAEC1EB1F87700D50F34 /* DINFrameAttribute.m */; };
		58B0BB021EB1F87700D50F34 /* DINInstruction.m in Sources */ = {isa = PBXBuildFile; fileRef = 58B0BAEE1EB1F87700D50F34 /* DINInstruction.m */; };
		58B0BB031EB1F87700D50F34 /* DINMultiplierAttribute.m in Sources */ = {isa = PBXBuildFile; fileRef = 58B0BAF01EB1F87700D50F34 /* DINMultiplierAttribute.m */; };
		58B0BB041EB1F87700D50F34 /* DINOffsetAttribute.m in Sources */ = {isa = PBXBuildFile; fileRef = 58B0BAF21EB1F87700D50F34 /* DINOffsetAttribute.m */; };
		58B0BB051EB1F87700D50F34 /* DINOperationAttribute.m in Sources */ = {isa = PBXBuildFile; fileRef = 58B0BAF41EB1F87700D50F34 /* DINOperationAttribute.m */; };
		58B0BB061EB1F87700D50F34 /* DINStructure.m in Sources */ = {isa = PBXBuildFile; fileRef = 58B0BAF61EB1F87700D50F34 /* DINStructure.m */; };
		58B0BB071EB1F87700D50F34 /* DINStructureMaker.m in Sources */ = {isa = PBXBuildFile; fileRef = 58B0BAF81EB1F87700D50F34 /* DINStructureMaker.m */; };
		58B0BB081EB1F87700D50F34 /* DINTarget.m in Sources */ = {isa = PBXBuildFile; fileRef = 58B0BAFA1EB1F87700D50F34 /* DINTarget.m */; };
		58B0BB0B1EB1F89600D50F34 /* UIView+DINAdditions.m in Sources */ = {isa = PBXBuildFile; fileRef = 58B0BB0A1EB1F89600D50F34 /* UIView+DINAdditions.m */; };
/* End PBXBuildFile section */

/* Begin PBXFileReference section */
		586CD10F1E8113DA0049731C /* Dinas.app */ = {isa = PBXFileReference; explicitFileType = wrapper.application; includeInIndex = 0; path = Dinas.app; sourceTree = BUILT_PRODUCTS_DIR; };
		586CD1131E8113DA0049731C /* main.m */ = {isa = PBXFileReference; lastKnownFileType = sourcecode.c.objc; path = main.m; sourceTree = "<group>"; };
		586CD1151E8113DA0049731C /* AppDelegate.h */ = {isa = PBXFileReference; lastKnownFileType = sourcecode.c.h; path = AppDelegate.h; sourceTree = "<group>"; };
		586CD1161E8113DA0049731C /* AppDelegate.m */ = {isa = PBXFileReference; lastKnownFileType = sourcecode.c.objc; path = AppDelegate.m; sourceTree = "<group>"; };
		586CD1181E8113DA0049731C /* ViewController.h */ = {isa = PBXFileReference; lastKnownFileType = sourcecode.c.h; path = ViewController.h; sourceTree = "<group>"; };
		586CD1191E8113DA0049731C /* ViewController.m */ = {isa = PBXFileReference; lastKnownFileType = sourcecode.c.objc; path = ViewController.m; sourceTree = "<group>"; };
		586CD11C1E8113DA0049731C /* Base */ = {isa = PBXFileReference; lastKnownFileType = file.storyboard; name = Base; path = Base.lproj/Main.storyboard; sourceTree = "<group>"; };
		586CD11E1E8113DA0049731C /* Assets.xcassets */ = {isa = PBXFileReference; lastKnownFileType = folder.assetcatalog; path = Assets.xcassets; sourceTree = "<group>"; };
		586CD1211E8113DA0049731C /* Base */ = {isa = PBXFileReference; lastKnownFileType = file.storyboard; name = Base; path = Base.lproj/LaunchScreen.storyboard; sourceTree = "<group>"; };
		586CD1231E8113DA0049731C /* Info.plist */ = {isa = PBXFileReference; lastKnownFileType = text.plist.xml; path = Info.plist; sourceTree = "<group>"; };
		58B0BAE01EB1F87600D50F34 /* DINAnalyzeUtil.h */ = {isa = PBXFileReference; fileEncoding = 4; lastKnownFileType = sourcecode.c.h; path = DINAnalyzeUtil.h; sourceTree = "<group>"; };
		58B0BAE11EB1F87600D50F34 /* DINAnalyzeUtil.m */ = {isa = PBXFileReference; fileEncoding = 4; lastKnownFileType = sourcecode.c.objc; path = DINAnalyzeUtil.m; sourceTree = "<group>"; };
		58B0BAE21EB1F87600D50F34 /* Dinas.h */ = {isa = PBXFileReference; fileEncoding = 4; lastKnownFileType = sourcecode.c.h; path = Dinas.h; sourceTree = "<group>"; };
		58B0BAE31EB1F87700D50F34 /* DINAttribute.h */ = {isa = PBXFileReference; fileEncoding = 4; lastKnownFileType = sourcecode.c.h; path = DINAttribute.h; sourceTree = "<group>"; };
		58B0BAE41EB1F87700D50F34 /* DINAttribute.m */ = {isa = PBXFileReference; fileEncoding = 4; lastKnownFileType = sourcecode.c.objc; path = DINAttribute.m; sourceTree = "<group>"; };
		58B0BAE51EB1F87700D50F34 /* DINBoxValue.h */ = {isa = PBXFileReference; fileEncoding = 4; lastKnownFileType = sourcecode.c.h; path = DINBoxValue.h; sourceTree = "<group>"; };
		58B0BAE61EB1F87700D50F34 /* DINBoxValue.m */ = {isa = PBXFileReference; fileEncoding = 4; lastKnownFileType = sourcecode.c.objc; path = DINBoxValue.m; sourceTree = "<group>"; };
		58B0BAE91EB1F87700D50F34 /* DINEqualToAttribute.h */ = {isa = PBXFileReference; fileEncoding = 4; lastKnownFileType = sourcecode.c.h; path = DINEqualToAttribute.h; sourceTree = "<group>"; };
		58B0BAEA1EB1F87700D50F34 /* DINEqualToAttribute.m */ = {isa = PBXFileReference; fileEncoding = 4; lastKnownFileType = sourcecode.c.objc; path = DINEqualToAttribute.m; sourceTree = "<group>"; };
		58B0BAEB1EB1F87700D50F34 /* DINFrameAttribute.h */ = {isa = PBXFileReference; fileEncoding = 4; lastKnownFileType = sourcecode.c.h; path = DINFrameAttribute.h; sourceTree = "<group>"; };
		58B0BAEC1EB1F87700D50F34 /* DINFrameAttribute.m */ = {isa = PBXFileReference; fileEncoding = 4; lastKnownFileType = sourcecode.c.objc; path = DINFrameAttribute.m; sourceTree = "<group>"; };
		58B0BAED1EB1F87700D50F34 /* DINInstruction.h */ = {isa = PBXFileReference; fileEncoding = 4; lastKnownFileType = sourcecode.c.h; path = DINInstruction.h; sourceTree = "<group>"; };
		58B0BAEE1EB1F87700D50F34 /* DINInstruction.m */ = {isa = PBXFileReference; fileEncoding = 4; lastKnownFileType = sourcecode.c.objc; path = DINInstruction.m; sourceTree = "<group>"; };
		58B0BAEF1EB1F87700D50F34 /* DINMultiplierAttribute.h */ = {isa = PBXFileReference; fileEncoding = 4; lastKnownFileType = sourcecode.c.h; path = DINMultiplierAttribute.h; sourceTree = "<group>"; };
		58B0BAF01EB1F87700D50F34 /* DINMultiplierAttribute.m */ = {isa = PBXFileReference; fileEncoding = 4; lastKnownFileType = sourcecode.c.objc; path = DINMultiplierAttribute.m; sourceTree = "<group>"; };
		58B0BAF11EB1F87700D50F34 /* DINOffsetAttribute.h */ = {isa = PBXFileReference; fileEncoding = 4; lastKnownFileType = sourcecode.c.h; path = DINOffsetAttribute.h; sourceTree = "<group>"; };
		58B0BAF21EB1F87700D50F34 /* DINOffsetAttribute.m */ = {isa = PBXFileReference; fileEncoding = 4; lastKnownFileType = sourcecode.c.objc; path = DINOffsetAttribute.m; sourceTree = "<group>"; };
		58B0BAF31EB1F87700D50F34 /* DINOperationAttribute.h */ = {isa = PBXFileReference; fileEncoding = 4; lastKnownFileType = sourcecode.c.h; path = DINOperationAttribute.h; sourceTree = "<group>"; };
		58B0BAF41EB1F87700D50F34 /* DINOperationAttribute.m */ = {isa = PBXFileReference; fileEncoding = 4; lastKnownFileType = sourcecode.c.objc; path = DINOperationAttribute.m; sourceTree = "<group>"; };
		58B0BAF51EB1F87700D50F34 /* DINStructure.h */ = {isa = PBXFileReference; fileEncoding = 4; lastKnownFileType = sourcecode.c.h; path = DINStructure.h; sourceTree = "<group>"; };
		58B0BAF61EB1F87700D50F34 /* DINStructure.m */ = {isa = PBXFileReference; fileEncoding = 4; lastKnownFileType = sourcecode.c.objc; path = DINStructure.m; sourceTree = "<group>"; };
		58B0BAF71EB1F87700D50F34 /* DINStructureMaker.h */ = {isa = PBXFileReference; fileEncoding = 4; lastKnownFileType = sourcecode.c.h; path = DINStructureMaker.h; sourceTree = "<group>"; };
		58B0BAF81EB1F87700D50F34 /* DINStructureMaker.m */ = {isa = PBXFileReference; fileEncoding = 4; lastKnownFileType = sourcecode.c.objc; path = DINStructureMaker.m; sourceTree = "<group>"; };
		58B0BAF91EB1F87700D50F34 /* DINTarget.h */ = {isa = PBXFileReference; fileEncoding = 4; lastKnownFileType = sourcecode.c.h; path = DINTarget.h; sourceTree = "<group>"; };
		58B0BAFA1EB1F87700D50F34 /* DINTarget.m */ = {isa = PBXFileReference; fileEncoding = 4; lastKnownFileType = sourcecode.c.objc; path = DINTarget.m; sourceTree = "<group>"; };
		58B0BAFB1EB1F87700D50F34 /* DINTargetProtocol.h */ = {isa = PBXFileReference; fileEncoding = 4; lastKnownFileType = sourcecode.c.h; path = DINTargetProtocol.h; sourceTree = "<group>"; };
		58B0BB091EB1F89600D50F34 /* UIView+DINAdditions.h */ = {isa = PBXFileReference; fileEncoding = 4; lastKnownFileType = sourcecode.c.h; path = "UIView+DINAdditions.h"; sourceTree = "<group>"; };
		58B0BB0A1EB1F89600D50F34 /* UIView+DINAdditions.m */ = {isa = PBXFileReference; fileEncoding = 4; lastKnownFileType = sourcecode.c.objc; path = "UIView+DINAdditions.m"; sourceTree = "<group>"; };
/* End PBXFileReference section */

/* Begin PBXFrameworksBuildPhase section */
		586CD10C1E8113DA0049731C /* Frameworks */ = {
			isa = PBXFrameworksBuildPhase;
			buildActionMask = 2147483647;
			files = (
			);
			runOnlyForDeploymentPostprocessing = 0;
		};
/* End PBXFrameworksBuildPhase section */

/* Begin PBXGroup section */
		586CD1061E8113DA0049731C = {
			isa = PBXGroup;
			children = (
				586CD1111E8113DA0049731C /* Dinas */,
				586CD1101E8113DA0049731C /* Products */,
			);
			sourceTree = "<group>";
		};
		586CD1101E8113DA0049731C /* Products */ = {
			isa = PBXGroup;
			children = (
				586CD10F1E8113DA0049731C /* Dinas.app */,
			);
			name = Products;
			sourceTree = "<group>";
		};
		586CD1111E8113DA0049731C /* Dinas */ = {
			isa = PBXGroup;
			children = (
				58B0BADF1EB1F87600D50F34 /* Dinas */,
				586CD1151E8113DA0049731C /* AppDelegate.h */,
				586CD1161E8113DA0049731C /* AppDelegate.m */,
				586CD1181E8113DA0049731C /* ViewController.h */,
				586CD1191E8113DA0049731C /* ViewController.m */,
				586CD11B1E8113DA0049731C /* Main.storyboard */,
				586CD11E1E8113DA0049731C /* Assets.xcassets */,
				586CD1201E8113DA0049731C /* LaunchScreen.storyboard */,
				586CD1231E8113DA0049731C /* Info.plist */,
				586CD1121E8113DA0049731C /* Supporting Files */,
			);
			path = Dinas;
			sourceTree = "<group>";
		};
		586CD1121E8113DA0049731C /* Supporting Files */ = {
			isa = PBXGroup;
			children = (
				586CD1131E8113DA0049731C /* main.m */,
			);
			name = "Supporting Files";
			sourceTree = "<group>";
		};
		58B0BADF1EB1F87600D50F34 /* Dinas */ = {
			isa = PBXGroup;
			children = (
				58B0BB091EB1F89600D50F34 /* UIView+DINAdditions.h */,
				58B0BB0A1EB1F89600D50F34 /* UIView+DINAdditions.m */,
				58B0BAE01EB1F87600D50F34 /* DINAnalyzeUtil.h */,
				58B0BAE11EB1F87600D50F34 /* DINAnalyzeUtil.m */,
				58B0BAE21EB1F87600D50F34 /* Dinas.h */,
				58B0BAE31EB1F87700D50F34 /* DINAttribute.h */,
				58B0BAE41EB1F87700D50F34 /* DINAttribute.m */,
				58B0BAE51EB1F87700D50F34 /* DINBoxValue.h */,
				58B0BAE61EB1F87700D50F34 /* DINBoxValue.m */,
				58B0BAE91EB1F87700D50F34 /* DINEqualToAttribute.h */,
				58B0BAEA1EB1F87700D50F34 /* DINEqualToAttribute.m */,
				58B0BAEB1EB1F87700D50F34 /* DINFrameAttribute.h */,
				58B0BAEC1EB1F87700D50F34 /* DINFrameAttribute.m */,
				58B0BAED1EB1F87700D50F34 /* DINInstruction.h */,
				58B0BAEE1EB1F87700D50F34 /* DINInstruction.m */,
				58B0BAEF1EB1F87700D50F34 /* DINMultiplierAttribute.h */,
				58B0BAF01EB1F87700D50F34 /* DINMultiplierAttribute.m */,
				58B0BAF11EB1F87700D50F34 /* DINOffsetAttribute.h */,
				58B0BAF21EB1F87700D50F34 /* DINOffsetAttribute.m */,
				58B0BAF31EB1F87700D50F34 /* DINOperationAttribute.h */,
				58B0BAF41EB1F87700D50F34 /* DINOperationAttribute.m */,
				58B0BAF51EB1F87700D50F34 /* DINStructure.h */,
				58B0BAF61EB1F87700D50F34 /* DINStructure.m */,
				58B0BAF71EB1F87700D50F34 /* DINStructureMaker.h */,
				58B0BAF81EB1F87700D50F34 /* DINStructureMaker.m */,
				58B0BAF91EB1F87700D50F34 /* DINTarget.h */,
				58B0BAFA1EB1F87700D50F34 /* DINTarget.m */,
				58B0BAFB1EB1F87700D50F34 /* DINTargetProtocol.h */,
			);
			path = Dinas;
			sourceTree = "<group>";
		};
/* End PBXGroup section */

/* Begin PBXNativeTarget section */
		586CD10E1E8113DA0049731C /* Dinas */ = {
			isa = PBXNativeTarget;
			buildConfigurationList = 586CD1261E8113DA0049731C /* Build configuration list for PBXNativeTarget "Dinas" */;
			buildPhases = (
				586CD10B1E8113DA0049731C /* Sources */,
				586CD10C1E8113DA0049731C /* Frameworks */,
				586CD10D1E8113DA0049731C /* Resources */,
			);
			buildRules = (
			);
			dependencies = (
			);
			name = Dinas;
			productName = Dinas;
			productReference = 586CD10F1E8113DA0049731C /* Dinas.app */;
			productType = "com.apple.product-type.application";
		};
/* End PBXNativeTarget section */

/* Begin PBXProject section */
		586CD1071E8113DA0049731C /* Project object */ = {
			isa = PBXProject;
			attributes = {
				LastUpgradeCheck = 0820;
				ORGANIZATIONNAME = ziooooo;
				TargetAttributes = {
					586CD10E1E8113DA0049731C = {
						CreatedOnToolsVersion = 8.2.1;
						DevelopmentTeam = 78PX8BWP78;
						ProvisioningStyle = Manual;
					};
				};
			};
			buildConfigurationList = 586CD10A1E8113DA0049731C /* Build configuration list for PBXProject "Dinas" */;
			compatibilityVersion = "Xcode 3.2";
			developmentRegion = English;
			hasScannedForEncodings = 0;
			knownRegions = (
				en,
				Base,
			);
			mainGroup = 586CD1061E8113DA0049731C;
			productRefGroup = 586CD1101E8113DA0049731C /* Products */;
			projectDirPath = "";
			projectRoot = "";
			targets = (
				586CD10E1E8113DA0049731C /* Dinas */,
			);
		};
/* End PBXProject section */

/* Begin PBXResourcesBuildPhase section */
		586CD10D1E8113DA0049731C /* Resources */ = {
			isa = PBXResourcesBuildPhase;
			buildActionMask = 2147483647;
			files = (
				586CD1221E8113DA0049731C /* LaunchScreen.storyboard in Resources */,
				586CD11F1E8113DA0049731C /* Assets.xcassets in Resources */,
				586CD11D1E8113DA0049731C /* Main.storyboard in Resources */,
			);
			runOnlyForDeploymentPostprocessing = 0;
		};
/* End PBXResourcesBuildPhase section */

/* Begin PBXSourcesBuildPhase section */
		586CD10B1E8113DA0049731C /* Sources */ = {
			isa = PBXSourcesBuildPhase;
			buildActionMask = 2147483647;
			files = (
				58B0BAFC1EB1F87700D50F34 /* DINAnalyzeUtil.m in Sources */,
				58B0BB0B1EB1F89600D50F34 /* UIView+DINAdditions.m in Sources */,
				586CD11A1E8113DA0049731C /* ViewController.m in Sources */,
				58B0BB031EB1F87700D50F34 /* DINMultiplierAttribute.m in Sources */,
				58B0BB001EB1F87700D50F34 /* DINEqualToAttribute.m in Sources */,
				586CD1171E8113DA0049731C /* AppDelegate.m in Sources */,
				58B0BB061EB1F87700D50F34 /* DINStructure.m in Sources */,
				58B0BB051EB1F87700D50F34 /* DINOperationAttribute.m in Sources */,
				58B0BAFE1EB1F87700D50F34 /* DINBoxValue.m in Sources */,
				58B0BB081EB1F87700D50F34 /* DINTarget.m in Sources */,
				58B0BB011EB1F87700D50F34 /* DINFrameAttribute.m in Sources */,
				58B0BB021EB1F87700D50F34 /* DINInstruction.m in Sources */,
				58B0BB071EB1F87700D50F34 /* DINStructureMaker.m in Sources */,
				58B0BB041EB1F87700D50F34 /* DINOffsetAttribute.m in Sources */,
				58B0BAFD1EB1F87700D50F34 /* DINAttribute.m in Sources */,
				586CD1141E8113DA0049731C /* main.m in Sources */,
			);
			runOnlyForDeploymentPostprocessing = 0;
		};
/* End PBXSourcesBuildPhase section */

/* Begin PBXVariantGroup section */
		586CD11B1E8113DA0049731C /* Main.storyboard */ = {
			isa = PBXVariantGroup;
			children = (
				586CD11C1E8113DA0049731C /* Base */,
			);
			name = Main.storyboard;
			sourceTree = "<group>";
		};
		586CD1201E8113DA0049731C /* LaunchScreen.storyboard */ = {
			isa = PBXVariantGroup;
			children = (
				586CD1211E8113DA0049731C /* Base */,
			);
			name = LaunchScreen.storyboard;
			sourceTree = "<group>";
		};
/* End PBXVariantGroup section */

/* Begin XCBuildConfiguration section */
		586CD1241E8113DA0049731C /* Debug */ = {
			isa = XCBuildConfiguration;
			buildSettings = {
				ALWAYS_SEARCH_USER_PATHS = NO;
				CLANG_ANALYZER_NONNULL = YES;
				CLANG_CXX_LANGUAGE_STANDARD = "gnu++0x";
				CLANG_CXX_LIBRARY = "libc++";
				CLANG_ENABLE_MODULES = YES;
				CLANG_ENABLE_OBJC_ARC = YES;
				CLANG_WARN_BOOL_CONVERSION = YES;
				CLANG_WARN_CONSTANT_CONVERSION = YES;
				CLANG_WARN_DIRECT_OBJC_ISA_USAGE = YES_ERROR;
				CLANG_WARN_DOCUMENTATION_COMMENTS = YES;
				CLANG_WARN_EMPTY_BODY = YES;
				CLANG_WARN_ENUM_CONVERSION = YES;
				CLANG_WARN_INFINITE_RECURSION = YES;
				CLANG_WARN_INT_CONVERSION = YES;
				CLANG_WARN_OBJC_ROOT_CLASS = YES_ERROR;
				CLANG_WARN_SUSPICIOUS_MOVE = YES;
				CLANG_WARN_UNREACHABLE_CODE = YES;
				CLANG_WARN__DUPLICATE_METHOD_MATCH = YES;
				"CODE_SIGN_IDENTITY[sdk=iphoneos*]" = "iPhone Developer";
				COPY_PHASE_STRIP = NO;
				DEBUG_INFORMATION_FORMAT = dwarf;
				ENABLE_STRICT_OBJC_MSGSEND = YES;
				ENABLE_TESTABILITY = YES;
				GCC_C_LANGUAGE_STANDARD = gnu99;
				GCC_DYNAMIC_NO_PIC = NO;
				GCC_NO_COMMON_BLOCKS = YES;
				GCC_OPTIMIZATION_LEVEL = 0;
				GCC_PREPROCESSOR_DEFINITIONS = (
					"DEBUG=1",
					"$(inherited)",
				);
				GCC_WARN_64_TO_32_BIT_CONVERSION = YES;
				GCC_WARN_ABOUT_RETURN_TYPE = YES_ERROR;
				GCC_WARN_UNDECLARED_SELECTOR = YES;
				GCC_WARN_UNINITIALIZED_AUTOS = YES_AGGRESSIVE;
				GCC_WARN_UNUSED_FUNCTION = YES;
				GCC_WARN_UNUSED_VARIABLE = YES;
				IPHONEOS_DEPLOYMENT_TARGET = 10.2;
				MTL_ENABLE_DEBUG_INFO = YES;
				ONLY_ACTIVE_ARCH = YES;
				SDKROOT = iphoneos;
			};
			name = Debug;
		};
		586CD1251E8113DA0049731C /* Release */ = {
			isa = XCBuildConfiguration;
			buildSettings = {
				ALWAYS_SEARCH_USER_PATHS = NO;
				CLANG_ANALYZER_NONNULL = YES;
				CLANG_CXX_LANGUAGE_STANDARD = "gnu++0x";
				CLANG_CXX_LIBRARY = "libc++";
				CLANG_ENABLE_MODULES = YES;
				CLANG_ENABLE_OBJC_ARC = YES;
				CLANG_WARN_BOOL_CONVERSION = YES;
				CLANG_WARN_CONSTANT_CONVERSION = YES;
				CLANG_WARN_DIRECT_OBJC_ISA_USAGE = YES_ERROR;
				CLANG_WARN_DOCUMENTATION_COMMENTS = YES;
				CLANG_WARN_EMPTY_BODY = YES;
				CLANG_WARN_ENUM_CONVERSION = YES;
				CLANG_WARN_INFINITE_RECURSION = YES;
				CLANG_WARN_INT_CONVERSION = YES;
				CLANG_WARN_OBJC_ROOT_CLASS = YES_ERROR;
				CLANG_WARN_SUSPICIOUS_MOVE = YES;
				CLANG_WARN_UNREACHABLE_CODE = YES;
				CLANG_WARN__DUPLICATE_METHOD_MATCH = YES;
				"CODE_SIGN_IDENTITY[sdk=iphoneos*]" = "iPhone Developer";
				COPY_PHASE_STRIP = NO;
				DEBUG_INFORMATION_FORMAT = "dwarf-with-dsym";
				ENABLE_NS_ASSERTIONS = NO;
				ENABLE_STRICT_OBJC_MSGSEND = YES;
				GCC_C_LANGUAGE_STANDARD = gnu99;
				GCC_NO_COMMON_BLOCKS = YES;
				GCC_WARN_64_TO_32_BIT_CONVERSION = YES;
				GCC_WARN_ABOUT_RETURN_TYPE = YES_ERROR;
				GCC_WARN_UNDECLARED_SELECTOR = YES;
				GCC_WARN_UNINITIALIZED_AUTOS = YES_AGGRESSIVE;
				GCC_WARN_UNUSED_FUNCTION = YES;
				GCC_WARN_UNUSED_VARIABLE = YES;
				IPHONEOS_DEPLOYMENT_TARGET = 10.2;
				MTL_ENABLE_DEBUG_INFO = NO;
				SDKROOT = iphoneos;
				VALIDATE_PRODUCT = YES;
			};
			name = Release;
		};
		586CD1271E8113DA0049731C /* Debug */ = {
			isa = XCBuildConfiguration;
			buildSettings = {
				ASSETCATALOG_COMPILER_APPICON_NAME = AppIcon;
				DEVELOPMENT_TEAM = 78PX8BWP78;
				INFOPLIST_FILE = Dinas/Info.plist;
				IPHONEOS_DEPLOYMENT_TARGET = 8.4;
				LD_RUNPATH_SEARCH_PATHS = "$(inherited) @executable_path/Frameworks";
				PRODUCT_BUNDLE_IDENTIFIER = cn.zio.Dinas;
				PRODUCT_NAME = "$(TARGET_NAME)";
				PROVISIONING_PROFILE = "df3fd094-a4b7-4f7a-80c5-1d5290a0d230";
				PROVISIONING_PROFILE_SPECIFIER = GeneralText;
			};
			name = Debug;
		};
		586CD1281E8113DA0049731C /* Release */ = {
			isa = XCBuildConfiguration;
			buildSettings = {
				ASSETCATALOG_COMPILER_APPICON_NAME = AppIcon;
				DEVELOPMENT_TEAM = 78PX8BWP78;
				INFOPLIST_FILE = Dinas/Info.plist;
				IPHONEOS_DEPLOYMENT_TARGET = 8.4;
				LD_RUNPATH_SEARCH_PATHS = "$(inherited) @executable_path/Frameworks";
				PRODUCT_BUNDLE_IDENTIFIER = cn.zio.Dinas;
				PRODUCT_NAME = "$(TARGET_NAME)";
				PROVISIONING_PROFILE = "df3fd094-a4b7-4f7a-80c5-1d5290a0d230";
				PROVISIONING_PROFILE_SPECIFIER = GeneralText;
			};
			name = Release;
		};
/* End XCBuildConfiguration section */

/* Begin XCConfigurationList section */
		586CD10A1E8113DA0049731C /* Build configuration list for PBXProject "Dinas" */ = {
			isa = XCConfigurationList;
			buildConfigurations = (
				586CD1241E8113DA0049731C /* Debug */,
				586CD1251E8113DA0049731C /* Release */,
			);
			defaultConfigurationIsVisible = 0;
			defaultConfigurationName = Release;
		};
		586CD1261E8113DA0049731C /* Build configuration list for PBXNativeTarget "Dinas" */ = {
			isa = XCConfigurationList;
			buildConfigurations = (
				586CD1271E8113DA0049731C /* Debug */,
				586CD1281E8113DA0049731C /* Release */,
			);
			defaultConfigurationIsVisible = 0;
			defaultConfigurationName = Release;
		};
/* End XCConfigurationList section */
	};
	rootObject = 586CD1071E8113DA0049731C /* Project object */;
}
